Microsoft Visual Studio Solution File, Format Version 11.00
# Visual Studio 2008

Project("{E7BA8A18-1D5D-B8CD-F6C4-6CE579A05265}") = "FRC1", "Assembly-CSharp-vs.csproj", "{7C876A85-680F-C2FF-AC93-E502B01CA957}"
EndProject
Global
	GlobalSection(SolutionConfigurationPlatforms) = preSolution
		Debug|Any CPU = Debug|Any CPU
		Release|Any CPU = Release|Any CPU
	EndGlobalSection
	GlobalSection(ProjectConfigurationPlatforms) = postSolution
		{7C876A85-680F-C2FF-AC93-E502B01CA957}.Debug|Any CPU.ActiveCfg = Debug|Any CPU
		{7C876A85-680F-C2FF-AC93-E502B01CA957}.Debug|Any CPU.Build.0 = Debug|Any CPU
		{7C876A85-680F-C2FF-AC93-E502B01CA957}.Release|Any CPU.ActiveCfg = Release|Any CPU
		{7C876A85-680F-C2FF-AC93-E502B01CA957}.Release|Any CPU.Build.0 = Release|Any CPU
	EndGlobalSection
	GlobalSection(SolutionProperties) = preSolution
		HideSolutionNode = FALSE
	EndGlobalSection
																														GlobalSection(MonoDevelopProperties) = preSolution
=======
																						GlobalSection(MonoDevelopProperties) = preSolution
=======
																			GlobalSection(MonoDevelopProperties) = preSolution
>>>>>>> 2b47a7380c5cc0275f054fb34382efd39f58a2ef
>>>>>>> eeaafb9961e175cb91aa9357a4e0f6f5fad62cf0
		StartupItem = Assembly-CSharp.csproj
		Policies = $0
		$0.TextStylePolicy = $1
		$1.inheritsSet = null
		$1.scope = text/x-csharp
		$0.CSharpFormattingPolicy = $2
		$2.inheritsSet = Mono
		$2.inheritsScope = text/x-csharp
		$2.scope = text/x-csharp
		$0.TextStylePolicy = $3
		$3.FileWidth = 120
		$3.TabWidth = 4
		$3.EolMarker = Unix
		$3.inheritsSet = Mono
		$3.inheritsScope = text/plain
		$3.scope = text/plain
	EndGlobalSection

EndGlobal
